
Microsoft Visual Studio Solution File, Format Version 12.00
Project("{FAE04EC0-301F-11D3-BF4B-00C04F79EFBC}") = "Lab2-1Dudka", "Lab2-1Dudka\Lab2-1Dudka.csproj", "{6046A899-7503-4AB1-A6FA-CD745020CE53}"
EndProject
Global
	GlobalSection(SolutionConfigurationPlatforms) = preSolution
		Debug|Any CPU = Debug|Any CPU
		Release|Any CPU = Release|Any CPU
	EndGlobalSection
	GlobalSection(ProjectConfigurationPlatforms) = postSolution
		{6046A899-7503-4AB1-A6FA-CD745020CE53}.Debug|Any CPU.ActiveCfg = Debug|Any CPU
		{6046A899-7503-4AB1-A6FA-CD745020CE53}.Debug|Any CPU.Build.0 = Debug|Any CPU
		{6046A899-7503-4AB1-A6FA-CD745020CE53}.Release|Any CPU.ActiveCfg = Release|Any CPU
		{6046A899-7503-4AB1-A6FA-CD745020CE53}.Release|Any CPU.Build.0 = Release|Any CPU
	EndGlobalSection
EndGlobal
